// !$*UTF8*$!
{
	archiveVersion = 1;
	classes = {
	};
	objectVersion = 48;
	objects = {

/* Begin PBXBuildFile section */
		D216A4340BBBA16415FF39B5 /* Pods_RecordToMP3.framework in Frameworks */ = {isa = PBXBuildFile; fileRef = 83F318D1838E8C51C26F741B /* Pods_RecordToMP3.framework */; };
		E925BC3E1F789A5900A95F3A /* DBManager.swift in Sources */ = {isa = PBXBuildFile; fileRef = E925BC3D1F789A5900A95F3A /* DBManager.swift */; };
		E925BC401F78A6E300A95F3A /* RecordModel.swift in Sources */ = {isa = PBXBuildFile; fileRef = E925BC3F1F78A6E300A95F3A /* RecordModel.swift */; };
		E925BC431F78D70900A95F3A /* Category.swift in Sources */ = {isa = PBXBuildFile; fileRef = E925BC421F78D70900A95F3A /* Category.swift */; };
		E925BC4B1F78EE8D00A95F3A /* TransformMP3.m in Sources */ = {isa = PBXBuildFile; fileRef = E925BC4A1F78EE8D00A95F3A /* TransformMP3.m */; };
		E925BC4C1F78F81A00A95F3A /* libmp3lame.a in Frameworks */ = {isa = PBXBuildFile; fileRef = E925BC441F78E54000A95F3A /* libmp3lame.a */; };
		E95B97541F70B10D001DBC26 /* AppDelegate.swift in Sources */ = {isa = PBXBuildFile; fileRef = E95B97531F70B10D001DBC26 /* AppDelegate.swift */; };
		E95B97561F70B10D001DBC26 /* ViewController.swift in Sources */ = {isa = PBXBuildFile; fileRef = E95B97551F70B10D001DBC26 /* ViewController.swift */; };
		E95B97591F70B10D001DBC26 /* Main.storyboard in Resources */ = {isa = PBXBuildFile; fileRef = E95B97571F70B10D001DBC26 /* Main.storyboard */; };
		E95B975B1F70B10D001DBC26 /* Assets.xcassets in Resources */ = {isa = PBXBuildFile; fileRef = E95B975A1F70B10D001DBC26 /* Assets.xcassets */; };
		E95B975E1F70B10D001DBC26 /* LaunchScreen.storyboard in Resources */ = {isa = PBXBuildFile; fileRef = E95B975C1F70B10D001DBC26 /* LaunchScreen.storyboard */; };
		E95B97691F70B10D001DBC26 /* RecordToMP3Tests.swift in Sources */ = {isa = PBXBuildFile; fileRef = E95B97681F70B10D001DBC26 /* RecordToMP3Tests.swift */; };
		E95B97741F70B10D001DBC26 /* RecordToMP3UITests.swift in Sources */ = {isa = PBXBuildFile; fileRef = E95B97731F70B10D001DBC26 /* RecordToMP3UITests.swift */; };
		E95B978B1F70B2F3001DBC26 /* RecordViewController.swift in Sources */ = {isa = PBXBuildFile; fileRef = E95B978A1F70B2F3001DBC26 /* RecordViewController.swift */; };
		E95B978D1F70B411001DBC26 /* RecordListViewController.swift in Sources */ = {isa = PBXBuildFile; fileRef = E95B978C1F70B411001DBC26 /* RecordListViewController.swift */; };
		E95B978F1F70B52E001DBC26 /* Record.swift in Sources */ = {isa = PBXBuildFile; fileRef = E95B978E1F70B52E001DBC26 /* Record.swift */; };
/* End PBXBuildFile section */

/* Begin PBXContainerItemProxy section */
		E95B97651F70B10D001DBC26 /* PBXContainerItemProxy */ = {
			isa = PBXContainerItemProxy;
			containerPortal = E95B97481F70B10D001DBC26 /* Project object */;
			proxyType = 1;
			remoteGlobalIDString = E95B974F1F70B10D001DBC26;
			remoteInfo = RecordToMP3;
		};
		E95B97701F70B10D001DBC26 /* PBXContainerItemProxy */ = {
			isa = PBXContainerItemProxy;
			containerPortal = E95B97481F70B10D001DBC26 /* Project object */;
			proxyType = 1;
			remoteGlobalIDString = E95B974F1F70B10D001DBC26;
			remoteInfo = RecordToMP3;
		};
/* End PBXContainerItemProxy section */

/* Begin PBXFileReference section */
		49B9C2369B7EF732B3B6D84B /* Pods-RecordToMP3.debug.xcconfig */ = {isa = PBXFileReference; includeInIndex = 1; lastKnownFileType = text.xcconfig; name = "Pods-RecordToMP3.debug.xcconfig"; path = "Pods/Target Support Files/Pods-RecordToMP3/Pods-RecordToMP3.debug.xcconfig"; sourceTree = "<group>"; };
		83F318D1838E8C51C26F741B /* Pods_RecordToMP3.framework */ = {isa = PBXFileReference; explicitFileType = wrapper.framework; includeInIndex = 0; path = Pods_RecordToMP3.framework; sourceTree = BUILT_PRODUCTS_DIR; };
		C4EC40F8392C4C1BB3AD85EC /* Pods-RecordToMP3.release.xcconfig */ = {isa = PBXFileReference; includeInIndex = 1; lastKnownFileType = text.xcconfig; name = "Pods-RecordToMP3.release.xcconfig"; path = "Pods/Target Support Files/Pods-RecordToMP3/Pods-RecordToMP3.release.xcconfig"; sourceTree = "<group>"; };
		E925BC381F7895B300A95F3A /* BridgeThird.h */ = {isa = PBXFileReference; lastKnownFileType = sourcecode.c.h; path = BridgeThird.h; sourceTree = "<group>"; };
		E925BC3D1F789A5900A95F3A /* DBManager.swift */ = {isa = PBXFileReference; lastKnownFileType = sourcecode.swift; path = DBManager.swift; sourceTree = "<group>"; };
		E925BC3F1F78A6E300A95F3A /* RecordModel.swift */ = {isa = PBXFileReference; lastKnownFileType = sourcecode.swift; path = RecordModel.swift; sourceTree = "<group>"; };
		E925BC421F78D70900A95F3A /* Category.swift */ = {isa = PBXFileReference; lastKnownFileType = sourcecode.swift; path = Category.swift; sourceTree = "<group>"; };
		E925BC441F78E54000A95F3A /* libmp3lame.a */ = {isa = PBXFileReference; lastKnownFileType = archive.ar; path = libmp3lame.a; sourceTree = "<group>"; };
		E925BC451F78E54D00A95F3A /* lame.h */ = {isa = PBXFileReference; lastKnownFileType = sourcecode.c.h; path = lame.h; sourceTree = "<group>"; };
		E925BC491F78EE8D00A95F3A /* TransformMP3.h */ = {isa = PBXFileReference; lastKnownFileType = sourcecode.c.h; path = TransformMP3.h; sourceTree = "<group>"; };
		E925BC4A1F78EE8D00A95F3A /* TransformMP3.m */ = {isa = PBXFileReference; lastKnownFileType = sourcecode.c.objc; path = TransformMP3.m; sourceTree = "<group>"; };
		E95B97501F70B10D001DBC26 /* RecordToMP3.app */ = {isa = PBXFileReference; explicitFileType = wrapper.application; includeInIndex = 0; path = RecordToMP3.app; sourceTree = BUILT_PRODUCTS_DIR; };
		E95B97531F70B10D001DBC26 /* AppDelegate.swift */ = {isa = PBXFileReference; lastKnownFileType = sourcecode.swift; path = AppDelegate.swift; sourceTree = "<group>"; };
		E95B97551F70B10D001DBC26 /* ViewController.swift */ = {isa = PBXFileReference; lastKnownFileType = sourcecode.swift; path = ViewController.swift; sourceTree = "<group>"; };
		E95B97581F70B10D001DBC26 /* Base */ = {isa = PBXFileReference; lastKnownFileType = file.storyboard; name = Base; path = Base.lproj/Main.storyboard; sourceTree = "<group>"; };
		E95B975A1F70B10D001DBC26 /* Assets.xcassets */ = {isa = PBXFileReference; lastKnownFileType = folder.assetcatalog; path = Assets.xcassets; sourceTree = "<group>"; };
		E95B975D1F70B10D001DBC26 /* Base */ = {isa = PBXFileReference; lastKnownFileType = file.storyboard; name = Base; path = Base.lproj/LaunchScreen.storyboard; sourceTree = "<group>"; };
		E95B975F1F70B10D001DBC26 /* Info.plist */ = {isa = PBXFileReference; lastKnownFileType = text.plist.xml; path = Info.plist; sourceTree = "<group>"; };
		E95B97641F70B10D001DBC26 /* RecordToMP3Tests.xctest */ = {isa = PBXFileReference; explicitFileType = wrapper.cfbundle; includeInIndex = 0; path = RecordToMP3Tests.xctest; sourceTree = BUILT_PRODUCTS_DIR; };
		E95B97681F70B10D001DBC26 /* RecordToMP3Tests.swift */ = {isa = PBXFileReference; lastKnownFileType = sourcecode.swift; path = RecordToMP3Tests.swift; sourceTree = "<group>"; };
		E95B976A1F70B10D001DBC26 /* Info.plist */ = {isa = PBXFileReference; lastKnownFileType = text.plist.xml; path = Info.plist; sourceTree = "<group>"; };
		E95B976F1F70B10D001DBC26 /* RecordToMP3UITests.xctest */ = {isa = PBXFileReference; explicitFileType = wrapper.cfbundle; includeInIndex = 0; path = RecordToMP3UITests.xctest; sourceTree = BUILT_PRODUCTS_DIR; };
		E95B97731F70B10D001DBC26 /* RecordToMP3UITests.swift */ = {isa = PBXFileReference; lastKnownFileType = sourcecode.swift; path = RecordToMP3UITests.swift; sourceTree = "<group>"; };
		E95B97751F70B10D001DBC26 /* Info.plist */ = {isa = PBXFileReference; lastKnownFileType = text.plist.xml; path = Info.plist; sourceTree = "<group>"; };
		E95B978A1F70B2F3001DBC26 /* RecordViewController.swift */ = {isa = PBXFileReference; lastKnownFileType = sourcecode.swift; path = RecordViewController.swift; sourceTree = "<group>"; };
		E95B978C1F70B411001DBC26 /* RecordListViewController.swift */ = {isa = PBXFileReference; lastKnownFileType = sourcecode.swift; path = RecordListViewController.swift; sourceTree = "<group>"; };
		E95B978E1F70B52E001DBC26 /* Record.swift */ = {isa = PBXFileReference; lastKnownFileType = sourcecode.swift; path = Record.swift; sourceTree = "<group>"; };
/* End PBXFileReference section */

/* Begin PBXFrameworksBuildPhase section */
		E95B974D1F70B10D001DBC26 /* Frameworks */ = {
			isa = PBXFrameworksBuildPhase;
			buildActionMask = 2147483647;
			files = (
				E925BC4C1F78F81A00A95F3A /* libmp3lame.a in Frameworks */,
				D216A4340BBBA16415FF39B5 /* Pods_RecordToMP3.framework in Frameworks */,
			);
			runOnlyForDeploymentPostprocessing = 0;
		};
		E95B97611F70B10D001DBC26 /* Frameworks */ = {
			isa = PBXFrameworksBuildPhase;
			buildActionMask = 2147483647;
			files = (
			);
			runOnlyForDeploymentPostprocessing = 0;
		};
		E95B976C1F70B10D001DBC26 /* Frameworks */ = {
			isa = PBXFrameworksBuildPhase;
			buildActionMask = 2147483647;
			files = (
			);
			runOnlyForDeploymentPostprocessing = 0;
		};
/* End PBXFrameworksBuildPhase section */

/* Begin PBXGroup section */
		7FA8BB0F6E6A7DDB13D80B1E /* Pods */ = {
			isa = PBXGroup;
			children = (
				49B9C2369B7EF732B3B6D84B /* Pods-RecordToMP3.debug.xcconfig */,
				C4EC40F8392C4C1BB3AD85EC /* Pods-RecordToMP3.release.xcconfig */,
			);
			name = Pods;
			sourceTree = "<group>";
		};
		86CC3F3005ADAB6609C17EF9 /* Frameworks */ = {
			isa = PBXGroup;
			children = (
				83F318D1838E8C51C26F741B /* Pods_RecordToMP3.framework */,
			);
			name = Frameworks;
			sourceTree = "<group>";
		};
		E925BC391F7896D200A95F3A /* Library */ = {
			isa = PBXGroup;
			children = (
				E925BC451F78E54D00A95F3A /* lame.h */,
				E925BC441F78E54000A95F3A /* libmp3lame.a */,
				E925BC3D1F789A5900A95F3A /* DBManager.swift */,
			);
			path = Library;
			sourceTree = "<group>";
		};
		E925BC411F78D69800A95F3A /* Category */ = {
			isa = PBXGroup;
			children = (
				E925BC421F78D70900A95F3A /* Category.swift */,
			);
			path = Category;
			sourceTree = "<group>";
		};
		E925BC481F78EE7700A95F3A /* OC */ = {
			isa = PBXGroup;
			children = (
				E925BC491F78EE8D00A95F3A /* TransformMP3.h */,
				E925BC4A1F78EE8D00A95F3A /* TransformMP3.m */,
			);
			path = OC;
			sourceTree = "<group>";
		};
		E95B97471F70B10D001DBC26 = {
			isa = PBXGroup;
			children = (
				E95B97521F70B10D001DBC26 /* RecordToMP3 */,
				E95B97671F70B10D001DBC26 /* RecordToMP3Tests */,
				E95B97721F70B10D001DBC26 /* RecordToMP3UITests */,
				E95B97511F70B10D001DBC26 /* Products */,
				7FA8BB0F6E6A7DDB13D80B1E /* Pods */,
				86CC3F3005ADAB6609C17EF9 /* Frameworks */,
			);
			sourceTree = "<group>";
		};
		E95B97511F70B10D001DBC26 /* Products */ = {
			isa = PBXGroup;
			children = (
				E95B97501F70B10D001DBC26 /* RecordToMP3.app */,
				E95B97641F70B10D001DBC26 /* RecordToMP3Tests.xctest */,
				E95B976F1F70B10D001DBC26 /* RecordToMP3UITests.xctest */,
			);
			name = Products;
			sourceTree = "<group>";
		};
		E95B97521F70B10D001DBC26 /* RecordToMP3 */ = {
			isa = PBXGroup;
			children = (
				E95B97831F70B1D8001DBC26 /* Demo */,
				E95B97531F70B10D001DBC26 /* AppDelegate.swift */,
				E95B97551F70B10D001DBC26 /* ViewController.swift */,
				E95B97571F70B10D001DBC26 /* Main.storyboard */,
				E95B975A1F70B10D001DBC26 /* Assets.xcassets */,
				E95B975C1F70B10D001DBC26 /* LaunchScreen.storyboard */,
				E95B975F1F70B10D001DBC26 /* Info.plist */,
				E95B978E1F70B52E001DBC26 /* Record.swift */,
				E925BC381F7895B300A95F3A /* BridgeThird.h */,
			);
			path = RecordToMP3;
			sourceTree = "<group>";
		};
		E95B97671F70B10D001DBC26 /* RecordToMP3Tests */ = {
			isa = PBXGroup;
			children = (
				E95B97681F70B10D001DBC26 /* RecordToMP3Tests.swift */,
				E95B976A1F70B10D001DBC26 /* Info.plist */,
			);
			path = RecordToMP3Tests;
			sourceTree = "<group>";
		};
		E95B97721F70B10D001DBC26 /* RecordToMP3UITests */ = {
			isa = PBXGroup;
			children = (
				E95B97731F70B10D001DBC26 /* RecordToMP3UITests.swift */,
				E95B97751F70B10D001DBC26 /* Info.plist */,
			);
			path = RecordToMP3UITests;
			sourceTree = "<group>";
		};
		E95B97831F70B1D8001DBC26 /* Demo */ = {
			isa = PBXGroup;
			children = (
				E925BC481F78EE7700A95F3A /* OC */,
				E925BC411F78D69800A95F3A /* Category */,
				E925BC391F7896D200A95F3A /* Library */,
				E95B97841F70B1D8001DBC26 /* Controller */,
				E95B97861F70B1D8001DBC26 /* Model */,
				E95B97871F70B1D8001DBC26 /* View */,
			);
			path = Demo;
			sourceTree = "<group>";
		};
		E95B97841F70B1D8001DBC26 /* Controller */ = {
			isa = PBXGroup;
			children = (
				E95B978A1F70B2F3001DBC26 /* RecordViewController.swift */,
				E95B978C1F70B411001DBC26 /* RecordListViewController.swift */,
			);
			path = Controller;
			sourceTree = "<group>";
		};
		E95B97861F70B1D8001DBC26 /* Model */ = {
			isa = PBXGroup;
			children = (
				E925BC3F1F78A6E300A95F3A /* RecordModel.swift */,
			);
			path = Model;
			sourceTree = "<group>";
		};
		E95B97871F70B1D8001DBC26 /* View */ = {
			isa = PBXGroup;
			children = (
			);
			path = View;
			sourceTree = "<group>";
		};
/* End PBXGroup section */

/* Begin PBXNativeTarget section */
		E95B974F1F70B10D001DBC26 /* RecordToMP3 */ = {
			isa = PBXNativeTarget;
			buildConfigurationList = E95B97781F70B10D001DBC26 /* Build configuration list for PBXNativeTarget "RecordToMP3" */;
			buildPhases = (
				2A815DD024A14CCB07CA5B27 /* [CP] Check Pods Manifest.lock */,
				E95B974C1F70B10D001DBC26 /* Sources */,
				E95B974D1F70B10D001DBC26 /* Frameworks */,
				E95B974E1F70B10D001DBC26 /* Resources */,
				EFE6E927637B6E3CF8A04CD9 /* [CP] Embed Pods Frameworks */,
				30C78955524C466B95E02D4C /* [CP] Copy Pods Resources */,
			);
			buildRules = (
			);
			dependencies = (
			);
			name = RecordToMP3;
			productName = RecordToMP3;
			productReference = E95B97501F70B10D001DBC26 /* RecordToMP3.app */;
			productType = "com.apple.product-type.application";
		};
		E95B97631F70B10D001DBC26 /* RecordToMP3Tests */ = {
			isa = PBXNativeTarget;
			buildConfigurationList = E95B977B1F70B10D001DBC26 /* Build configuration list for PBXNativeTarget "RecordToMP3Tests" */;
			buildPhases = (
				E95B97601F70B10D001DBC26 /* Sources */,
				E95B97611F70B10D001DBC26 /* Frameworks */,
				E95B97621F70B10D001DBC26 /* Resources */,
			);
			buildRules = (
			);
			dependencies = (
				E95B97661F70B10D001DBC26 /* PBXTargetDependency */,
			);
			name = RecordToMP3Tests;
			productName = RecordToMP3Tests;
			productReference = E95B97641F70B10D001DBC26 /* RecordToMP3Tests.xctest */;
			productType = "com.apple.product-type.bundle.unit-test";
		};
		E95B976E1F70B10D001DBC26 /* RecordToMP3UITests */ = {
			isa = PBXNativeTarget;
			buildConfigurationList = E95B977E1F70B10D001DBC26 /* Build configuration list for PBXNativeTarget "RecordToMP3UITests" */;
			buildPhases = (
				E95B976B1F70B10D001DBC26 /* Sources */,
				E95B976C1F70B10D001DBC26 /* Frameworks */,
				E95B976D1F70B10D001DBC26 /* Resources */,
			);
			buildRules = (
			);
			dependencies = (
				E95B97711F70B10D001DBC26 /* PBXTargetDependency */,
			);
			name = RecordToMP3UITests;
			productName = RecordToMP3UITests;
			productReference = E95B976F1F70B10D001DBC26 /* RecordToMP3UITests.xctest */;
			productType = "com.apple.product-type.bundle.ui-testing";
		};
/* End PBXNativeTarget section */

/* Begin PBXProject section */
		E95B97481F70B10D001DBC26 /* Project object */ = {
			isa = PBXProject;
			attributes = {
				LastSwiftUpdateCheck = 0900;
				LastUpgradeCheck = 0900;
				ORGANIZATIONNAME = "周鑫";
				TargetAttributes = {
					E95B974F1F70B10D001DBC26 = {
						CreatedOnToolsVersion = 9.0;
					};
					E95B97631F70B10D001DBC26 = {
						CreatedOnToolsVersion = 9.0;
						TestTargetID = E95B974F1F70B10D001DBC26;
					};
					E95B976E1F70B10D001DBC26 = {
						CreatedOnToolsVersion = 9.0;
						TestTargetID = E95B974F1F70B10D001DBC26;
					};
				};
			};
			buildConfigurationList = E95B974B1F70B10D001DBC26 /* Build configuration list for PBXProject "RecordToMP3" */;
			compatibilityVersion = "Xcode 8.0";
			developmentRegion = en;
			hasScannedForEncodings = 0;
			knownRegions = (
				en,
				Base,
			);
			mainGroup = E95B97471F70B10D001DBC26;
			productRefGroup = E95B97511F70B10D001DBC26 /* Products */;
			projectDirPath = "";
			projectRoot = "";
			targets = (
				E95B974F1F70B10D001DBC26 /* RecordToMP3 */,
				E95B97631F70B10D001DBC26 /* RecordToMP3Tests */,
				E95B976E1F70B10D001DBC26 /* RecordToMP3UITests */,
			);
		};
/* End PBXProject section */

/* Begin PBXResourcesBuildPhase section */
		E95B974E1F70B10D001DBC26 /* Resources */ = {
			isa = PBXResourcesBuildPhase;
			buildActionMask = 2147483647;
			files = (
				E95B975E1F70B10D001DBC26 /* LaunchScreen.storyboard in Resources */,
				E95B975B1F70B10D001DBC26 /* Assets.xcassets in Resources */,
				E95B97591F70B10D001DBC26 /* Main.storyboard in Resources */,
			);
			runOnlyForDeploymentPostprocessing = 0;
		};
		E95B97621F70B10D001DBC26 /* Resources */ = {
			isa = PBXResourcesBuildPhase;
			buildActionMask = 2147483647;
			files = (
			);
			runOnlyForDeploymentPostprocessing = 0;
		};
		E95B976D1F70B10D001DBC26 /* Resources */ = {
			isa = PBXResourcesBuildPhase;
			buildActionMask = 2147483647;
			files = (
			);
			runOnlyForDeploymentPostprocessing = 0;
		};
/* End PBXResourcesBuildPhase section */

/* Begin PBXShellScriptBuildPhase section */
		2A815DD024A14CCB07CA5B27 /* [CP] Check Pods Manifest.lock */ = {
			isa = PBXShellScriptBuildPhase;
			buildActionMask = 2147483647;
			files = (
			);
			inputPaths = (
			);
			name = "[CP] Check Pods Manifest.lock";
			outputPaths = (
			);
			runOnlyForDeploymentPostprocessing = 0;
			shellPath = /bin/sh;
			shellScript = "diff \"${PODS_ROOT}/../Podfile.lock\" \"${PODS_ROOT}/Manifest.lock\" > /dev/null\nif [ $? != 0 ] ; then\n    # print error to STDERR\n    echo \"error: The sandbox is not in sync with the Podfile.lock. Run 'pod install' or update your CocoaPods installation.\" >&2\n    exit 1\nfi\n";
			showEnvVarsInLog = 0;
		};
		30C78955524C466B95E02D4C /* [CP] Copy Pods Resources */ = {
			isa = PBXShellScriptBuildPhase;
			buildActionMask = 2147483647;
			files = (
			);
			inputPaths = (
			);
			name = "[CP] Copy Pods Resources";
			outputPaths = (
			);
			runOnlyForDeploymentPostprocessing = 0;
			shellPath = /bin/sh;
			shellScript = "\"${SRCROOT}/Pods/Target Support Files/Pods-RecordToMP3/Pods-RecordToMP3-resources.sh\"\n";
			showEnvVarsInLog = 0;
		};
		EFE6E927637B6E3CF8A04CD9 /* [CP] Embed Pods Frameworks */ = {
			isa = PBXShellScriptBuildPhase;
			buildActionMask = 2147483647;
			files = (
			);
			inputPaths = (
			);
			name = "[CP] Embed Pods Frameworks";
			outputPaths = (
			);
			runOnlyForDeploymentPostprocessing = 0;
			shellPath = /bin/sh;
			shellScript = "\"${SRCROOT}/Pods/Target Support Files/Pods-RecordToMP3/Pods-RecordToMP3-frameworks.sh\"\n";
			showEnvVarsInLog = 0;
		};
/* End PBXShellScriptBuildPhase section */

/* Begin PBXSourcesBuildPhase section */
		E95B974C1F70B10D001DBC26 /* Sources */ = {
			isa = PBXSourcesBuildPhase;
			buildActionMask = 2147483647;
			files = (
				E95B97561F70B10D001DBC26 /* ViewController.swift in Sources */,
				E95B978F1F70B52E001DBC26 /* Record.swift in Sources */,
				E95B97541F70B10D001DBC26 /* AppDelegate.swift in Sources */,
				E925BC401F78A6E300A95F3A /* RecordModel.swift in Sources */,
				E95B978D1F70B411001DBC26 /* RecordListViewController.swift in Sources */,
				E95B978B1F70B2F3001DBC26 /* RecordViewController.swift in Sources */,
				E925BC3E1F789A5900A95F3A /* DBManager.swift in Sources */,
				E925BC4B1F78EE8D00A95F3A /* TransformMP3.m in Sources */,
				E925BC431F78D70900A95F3A /* Category.swift in Sources */,
			);
			runOnlyForDeploymentPostprocessing = 0;
		};
		E95B97601F70B10D001DBC26 /* Sources */ = {
			isa = PBXSourcesBuildPhase;
			buildActionMask = 2147483647;
			files = (
				E95B97691F70B10D001DBC26 /* RecordToMP3Tests.swift in Sources */,
			);
			runOnlyForDeploymentPostprocessing = 0;
		};
		E95B976B1F70B10D001DBC26 /* Sources */ = {
			isa = PBXSourcesBuildPhase;
			buildActionMask = 2147483647;
			files = (
				E95B97741F70B10D001DBC26 /* RecordToMP3UITests.swift in Sources */,
			);
			runOnlyForDeploymentPostprocessing = 0;
		};
/* End PBXSourcesBuildPhase section */

/* Begin PBXTargetDependency section */
		E95B97661F70B10D001DBC26 /* PBXTargetDependency */ = {
			isa = PBXTargetDependency;
			target = E95B974F1F70B10D001DBC26 /* RecordToMP3 */;
			targetProxy = E95B97651F70B10D001DBC26 /* PBXContainerItemProxy */;
		};
		E95B97711F70B10D001DBC26 /* PBXTargetDependency */ = {
			isa = PBXTargetDependency;
			target = E95B974F1F70B10D001DBC26 /* RecordToMP3 */;
			targetProxy = E95B97701F70B10D001DBC26 /* PBXContainerItemProxy */;
		};
/* End PBXTargetDependency section */

/* Begin PBXVariantGroup section */
		E95B97571F70B10D001DBC26 /* Main.storyboard */ = {
			isa = PBXVariantGroup;
			children = (
				E95B97581F70B10D001DBC26 /* Base */,
			);
			name = Main.storyboard;
			sourceTree = "<group>";
		};
		E95B975C1F70B10D001DBC26 /* LaunchScreen.storyboard */ = {
			isa = PBXVariantGroup;
			children = (
				E95B975D1F70B10D001DBC26 /* Base */,
			);
			name = LaunchScreen.storyboard;
			sourceTree = "<group>";
		};
/* End PBXVariantGroup section */

/* Begin XCBuildConfiguration section */
		E95B97761F70B10D001DBC26 /* Debug */ = {
			isa = XCBuildConfiguration;
			buildSettings = {
				ALWAYS_SEARCH_USER_PATHS = NO;
				CLANG_ANALYZER_NONNULL = YES;
				CLANG_ANALYZER_NUMBER_OBJECT_CONVERSION = YES_AGGRESSIVE;
				CLANG_CXX_LANGUAGE_STANDARD = "gnu++14";
				CLANG_CXX_LIBRARY = "libc++";
				CLANG_ENABLE_MODULES = YES;
				CLANG_ENABLE_OBJC_ARC = YES;
				CLANG_WARN_BLOCK_CAPTURE_AUTORELEASING = YES;
				CLANG_WARN_BOOL_CONVERSION = YES;
				CLANG_WARN_COMMA = YES;
				CLANG_WARN_CONSTANT_CONVERSION = YES;
				CLANG_WARN_DIRECT_OBJC_ISA_USAGE = YES_ERROR;
				CLANG_WARN_DOCUMENTATION_COMMENTS = YES;
				CLANG_WARN_EMPTY_BODY = YES;
				CLANG_WARN_ENUM_CONVERSION = YES;
				CLANG_WARN_INFINITE_RECURSION = YES;
				CLANG_WARN_INT_CONVERSION = YES;
				CLANG_WARN_OBJC_ROOT_CLASS = YES_ERROR;
				CLANG_WARN_RANGE_LOOP_ANALYSIS = YES;
				CLANG_WARN_STRICT_PROTOTYPES = YES;
				CLANG_WARN_SUSPICIOUS_MOVE = YES;
				CLANG_WARN_UNGUARDED_AVAILABILITY = YES_AGGRESSIVE;
				CLANG_WARN_UNREACHABLE_CODE = YES;
				CLANG_WARN__DUPLICATE_METHOD_MATCH = YES;
				CODE_SIGN_IDENTITY = "iPhone Developer";
				COPY_PHASE_STRIP = NO;
				DEBUG_INFORMATION_FORMAT = dwarf;
				ENABLE_STRICT_OBJC_MSGSEND = YES;
				ENABLE_TESTABILITY = YES;
				GCC_C_LANGUAGE_STANDARD = gnu11;
				GCC_DYNAMIC_NO_PIC = NO;
				GCC_NO_COMMON_BLOCKS = YES;
				GCC_OPTIMIZATION_LEVEL = 0;
				GCC_PREPROCESSOR_DEFINITIONS = (
					"DEBUG=1",
					"$(inherited)",
				);
				GCC_WARN_64_TO_32_BIT_CONVERSION = YES;
				GCC_WARN_ABOUT_RETURN_TYPE = YES_ERROR;
				GCC_WARN_UNDECLARED_SELECTOR = YES;
				GCC_WARN_UNINITIALIZED_AUTOS = YES_AGGRESSIVE;
				GCC_WARN_UNUSED_FUNCTION = YES;
				GCC_WARN_UNUSED_VARIABLE = YES;
				IPHONEOS_DEPLOYMENT_TARGET = 11.0;
				MTL_ENABLE_DEBUG_INFO = YES;
				ONLY_ACTIVE_ARCH = YES;
				SDKROOT = iphoneos;
				SWIFT_ACTIVE_COMPILATION_CONDITIONS = DEBUG;
				SWIFT_OPTIMIZATION_LEVEL = "-Onone";
			};
			name = Debug;
		};
		E95B97771F70B10D001DBC26 /* Release */ = {
			isa = XCBuildConfiguration;
			buildSettings = {
				ALWAYS_SEARCH_USER_PATHS = NO;
				CLANG_ANALYZER_NONNULL = YES;
				CLANG_ANALYZER_NUMBER_OBJECT_CONVERSION = YES_AGGRESSIVE;
				CLANG_CXX_LANGUAGE_STANDARD = "gnu++14";
				CLANG_CXX_LIBRARY = "libc++";
				CLANG_ENABLE_MODULES = YES;
				CLANG_ENABLE_OBJC_ARC = YES;
				CLANG_WARN_BLOCK_CAPTURE_AUTORELEASING = YES;
				CLANG_WARN_BOOL_CONVERSION = YES;
				CLANG_WARN_COMMA = YES;
				CLANG_WARN_CONSTANT_CONVERSION = YES;
				CLANG_WARN_DIRECT_OBJC_ISA_USAGE = YES_ERROR;
				CLANG_WARN_DOCUMENTATION_COMMENTS = YES;
				CLANG_WARN_EMPTY_BODY = YES;
				CLANG_WARN_ENUM_CONVERSION = YES;
				CLANG_WARN_INFINITE_RECURSION = YES;
				CLANG_WARN_INT_CONVERSION = YES;
				CLANG_WARN_OBJC_ROOT_CLASS = YES_ERROR;
				CLANG_WARN_RANGE_LOOP_ANALYSIS = YES;
				CLANG_WARN_STRICT_PROTOTYPES = YES;
				CLANG_WARN_SUSPICIOUS_MOVE = YES;
				CLANG_WARN_UNGUARDED_AVAILABILITY = YES_AGGRESSIVE;
				CLANG_WARN_UNREACHABLE_CODE = YES;
				CLANG_WARN__DUPLICATE_METHOD_MATCH = YES;
				CODE_SIGN_IDENTITY = "iPhone Developer";
				COPY_PHASE_STRIP = NO;
				DEBUG_INFORMATION_FORMAT = "dwarf-with-dsym";
				ENABLE_NS_ASSERTIONS = NO;
				ENABLE_STRICT_OBJC_MSGSEND = YES;
				GCC_C_LANGUAGE_STANDARD = gnu11;
				GCC_NO_COMMON_BLOCKS = YES;
				GCC_WARN_64_TO_32_BIT_CONVERSION = YES;
				GCC_WARN_ABOUT_RETURN_TYPE = YES_ERROR;
				GCC_WARN_UNDECLARED_SELECTOR = YES;
				GCC_WARN_UNINITIALIZED_AUTOS = YES_AGGRESSIVE;
				GCC_WARN_UNUSED_FUNCTION = YES;
				GCC_WARN_UNUSED_VARIABLE = YES;
				IPHONEOS_DEPLOYMENT_TARGET = 11.0;
				MTL_ENABLE_DEBUG_INFO = NO;
				SDKROOT = iphoneos;
				SWIFT_OPTIMIZATION_LEVEL = "-Owholemodule";
				VALIDATE_PRODUCT = YES;
			};
			name = Release;
		};
		E95B97791F70B10D001DBC26 /* Debug */ = {
			isa = XCBuildConfiguration;
			baseConfigurationReference = 49B9C2369B7EF732B3B6D84B /* Pods-RecordToMP3.debug.xcconfig */;
			buildSettings = {
				ASSETCATALOG_COMPILER_APPICON_NAME = AppIcon;
				DEVELOPMENT_TEAM = 6QTUD7QL8B;
				INFOPLIST_FILE = RecordToMP3/Info.plist;
				IPHONEOS_DEPLOYMENT_TARGET = 10.0;
				LD_RUNPATH_SEARCH_PATHS = "$(inherited) @executable_path/Frameworks";
				LIBRARY_SEARCH_PATHS = (
					"$(inherited)",
					"$(PROJECT_DIR)/RecordToMP3/Demo/Library",
				);
				PRODUCT_BUNDLE_IDENTIFIER = jieming.RecordToMP3;
				PRODUCT_NAME = "$(TARGET_NAME)";
				SWIFT_OBJC_BRIDGING_HEADER = /Users/zhouxin/Desktop/RecordToMP3/RecordToMP3/BridgeThird.h;
				SWIFT_VERSION = 4.0;
				TARGETED_DEVICE_FAMILY = "1,2";
			};
			name = Debug;
		};
		E95B977A1F70B10D001DBC26 /* Release */ = {
			isa = XCBuildConfiguration;
			baseConfigurationReference = C4EC40F8392C4C1BB3AD85EC /* Pods-RecordToMP3.release.xcconfig */;
			buildSettings = {
				ASSETCATALOG_COMPILER_APPICON_NAME = AppIcon;
				DEVELOPMENT_TEAM = 6QTUD7QL8B;
				INFOPLIST_FILE = RecordToMP3/Info.plist;
				IPHONEOS_DEPLOYMENT_TARGET = 10.0;
				LD_RUNPATH_SEARCH_PATHS = "$(inherited) @executable_path/Frameworks";
				LIBRARY_SEARCH_PATHS = (
					"$(inherited)",
					"$(PROJECT_DIR)/RecordToMP3/Demo/Library",
				);
				PRODUCT_BUNDLE_IDENTIFIER = jieming.RecordToMP3;
				PRODUCT_NAME = "$(TARGET_NAME)";
				SWIFT_OBJC_BRIDGING_HEADER = /Users/zhouxin/Desktop/RecordToMP3/RecordToMP3/BridgeThird.h;
				SWIFT_VERSION = 4.0;
				TARGETED_DEVICE_FAMILY = "1,2";
			};
			name = Release;
		};
		E95B977C1F70B10D001DBC26 /* Debug */ = {
			isa = XCBuildConfiguration;
			buildSettings = {
				ALWAYS_EMBED_SWIFT_STANDARD_LIBRARIES = YES;
				BUNDLE_LOADER = "$(TEST_HOST)";
				INFOPLIST_FILE = RecordToMP3Tests/Info.plist;
				LD_RUNPATH_SEARCH_PATHS = "$(inherited) @executable_path/Frameworks @loader_path/Frameworks";
				PRODUCT_BUNDLE_IDENTIFIER = jieming.RecordToMP3Tests;
				PRODUCT_NAME = "$(TARGET_NAME)";
				SWIFT_VERSION = 4.0;
				TARGETED_DEVICE_FAMILY = "1,2";
				TEST_HOST = "$(BUILT_PRODUCTS_DIR)/RecordToMP3.app/RecordToMP3";
			};
			name = Debug;
		};
		E95B977D1F70B10D001DBC26 /* Release */ = {
			isa = XCBuildConfiguration;
			buildSettings = {
				ALWAYS_EMBED_SWIFT_STANDARD_LIBRARIES = YES;
				BUNDLE_LOADER = "$(TEST_HOST)";
				INFOPLIST_FILE = RecordToMP3Tests/Info.plist;
				LD_RUNPATH_SEARCH_PATHS = "$(inherited) @executable_path/Frameworks @loader_path/Frameworks";
				PRODUCT_BUNDLE_IDENTIFIER = jieming.RecordToMP3Tests;
				PRODUCT_NAME = "$(TARGET_NAME)";
				SWIFT_VERSION = 4.0;
				TARGETED_DEVICE_FAMILY = "1,2";
				TEST_HOST = "$(BUILT_PRODUCTS_DIR)/RecordToMP3.app/RecordToMP3";
			};
			name = Release;
		};
		E95B977F1F70B10D001DBC26 /* Debug */ = {
			isa = XCBuildConfiguration;
			buildSettings = {
				ALWAYS_EMBED_SWIFT_STANDARD_LIBRARIES = YES;
				INFOPLIST_FILE = RecordToMP3UITests/Info.plist;
				LD_RUNPATH_SEARCH_PATHS = "$(inherited) @executable_path/Frameworks @loader_path/Frameworks";
				PRODUCT_BUNDLE_IDENTIFIER = jieming.RecordToMP3UITests;
				PRODUCT_NAME = "$(TARGET_NAME)";
				SWIFT_VERSION = 4.0;
				TARGETED_DEVICE_FAMILY = "1,2";
				TEST_TARGET_NAME = RecordToMP3;
			};
			name = Debug;
		};
		E95B97801F70B10D001DBC26 /* Release */ = {
			isa = XCBuildConfiguration;
			buildSettings = {
				ALWAYS_EMBED_SWIFT_STANDARD_LIBRARIES = YES;
				INFOPLIST_FILE = RecordToMP3UITests/Info.plist;
				LD_RUNPATH_SEARCH_PATHS = "$(inherited) @executable_path/Frameworks @loader_path/Frameworks";
				PRODUCT_BUNDLE_IDENTIFIER = jieming.RecordToMP3UITests;
				PRODUCT_NAME = "$(TARGET_NAME)";
				SWIFT_VERSION = 4.0;
				TARGETED_DEVICE_FAMILY = "1,2";
				TEST_TARGET_NAME = RecordToMP3;
			};
			name = Release;
		};
/* End XCBuildConfiguration section */

/* Begin XCConfigurationList section */
		E95B974B1F70B10D001DBC26 /* Build configuration list for PBXProject "RecordToMP3" */ = {
			isa = XCConfigurationList;
			buildConfigurations = (
				E95B97761F70B10D001DBC26 /* Debug */,
				E95B97771F70B10D001DBC26 /* Release */,
			);
			defaultConfigurationIsVisible = 0;
			defaultConfigurationName = Release;
		};
		E95B97781F70B10D001DBC26 /* Build configuration list for PBXNativeTarget "RecordToMP3" */ = {
			isa = XCConfigurationList;
			buildConfigurations = (
				E95B97791F70B10D001DBC26 /* Debug */,
				E95B977A1F70B10D001DBC26 /* Release */,
			);
			defaultConfigurationIsVisible = 0;
			defaultConfigurationName = Release;
		};
		E95B977B1F70B10D001DBC26 /* Build configuration list for PBXNativeTarget "RecordToMP3Tests" */ = {
			isa = XCConfigurationList;
			buildConfigurations = (
				E95B977C1F70B10D001DBC26 /* Debug */,
				E95B977D1F70B10D001DBC26 /* Release */,
			);
			defaultConfigurationIsVisible = 0;
			defaultConfigurationName = Release;
		};
		E95B977E1F70B10D001DBC26 /* Build configuration list for PBXNativeTarget "RecordToMP3UITests" */ = {
			isa = XCConfigurationList;
			buildConfigurations = (
				E95B977F1F70B10D001DBC26 /* Debug */,
				E95B97801F70B10D001DBC26 /* Release */,
			);
			defaultConfigurationIsVisible = 0;
			defaultConfigurationName = Release;
		};
/* End XCConfigurationList section */
	};
	rootObject = E95B97481F70B10D001DBC26 /* Project object */;
}
